
Microsoft Visual Studio Solution File, Format Version 12.00
# Visual Studio Version 17
VisualStudioVersion = 17.6.33801.468
MinimumVisualStudioVersion = 10.0.40219.1
Project("{FAE04EC0-301F-11D3-BF4B-00C04F79EFBC}") = "Forum", "Forum\Forum.csproj", "{670613B4-C8DE-473A-A711-D8B2CF54B79B}"
EndProject
Global
	GlobalSection(SolutionConfigurationPlatforms) = preSolution
		Debug|Any CPU = Debug|Any CPU
		Release|Any CPU = Release|Any CPU
	EndGlobalSection
	GlobalSection(ProjectConfigurationPlatforms) = postSolution
		{670613B4-C8DE-473A-A711-D8B2CF54B79B}.Debug|Any CPU.ActiveCfg = Debug|Any CPU
		{670613B4-C8DE-473A-A711-D8B2CF54B79B}.Debug|Any CPU.Build.0 = Debug|Any CPU
		{670613B4-C8DE-473A-A711-D8B2CF54B79B}.Release|Any CPU.ActiveCfg = Release|Any CPU
		{670613B4-C8DE-473A-A711-D8B2CF54B79B}.Release|Any CPU.Build.0 = Release|Any CPU
	EndGlobalSection
	GlobalSection(SolutionProperties) = preSolution
		HideSolutionNode = FALSE
	EndGlobalSection
	GlobalSection(ExtensibilityGlobals) = postSolution
		SolutionGuid = {68B687FC-F6A5-445C-8EE9-1B9D1C4C8796}
	EndGlobalSection
EndGlobal
